# THIS IS AN AUTOGENERATED FILE. DO NOT EDIT THIS FILE DIRECTLY.
# yarn lockfile v1


canon@../canon:
  version "1.0.0"

concurrify@^1.0.0:
  version "1.0.1"
  resolved "https://registry.yarnpkg.com/concurrify/-/concurrify-1.0.1.tgz#1febe4b4615d4a86ee293a39713ffad5feb9681e"
  dependencies:
    sanctuary-type-classes "^6.0.0"
    sanctuary-type-identifiers "^2.0.0"

denque@^1.1.1:
  version "1.2.2"
  resolved "https://registry.yarnpkg.com/denque/-/denque-1.2.2.tgz#e06cf7cf0da8badc88cbdaabf8fc0a70d659f1d4"

fluture@^7.2.2:
  version "7.2.2"
  resolved "https://registry.yarnpkg.com/fluture/-/fluture-7.2.2.tgz#6e1cc88e42dace967822d543b86bb9b9396b585a"
  dependencies:
    concurrify "^1.0.0"
    denque "^1.1.1"
    inspect-f "^1.2.0"
    sanctuary-type-classes "^6.0.0"
    sanctuary-type-identifiers "^2.0.0"

inspect-f@^1.2.0:
  version "1.2.1"
  resolved "https://registry.yarnpkg.com/inspect-f/-/inspect-f-1.2.1.tgz#117573b5df57a509de6fe401131d426bac1592b5"

paragon@../paragon:
  version "1.0.0"

sanctuary-type-classes@^6.0.0:
  version "6.1.0"
  resolved "https://registry.yarnpkg.com/sanctuary-type-classes/-/sanctuary-type-classes-6.1.0.tgz#6bd67044358c8440d561e6e2556ab88dd8cd8001"
  dependencies:
    sanctuary-type-identifiers "1.0.x"

sanctuary-type-identifiers@1.0.x:
  version "1.0.0"
  resolved "https://registry.yarnpkg.com/sanctuary-type-identifiers/-/sanctuary-type-identifiers-1.0.0.tgz#e8f359f006cb5e624cfb8464603fc114608bde9f"

sanctuary-type-identifiers@^2.0.0:
  version "2.0.1"
  resolved "https://registry.yarnpkg.com/sanctuary-type-identifiers/-/sanctuary-type-identifiers-2.0.1.tgz#fc524cf6dd92cebfcbb0dd9509eff193159a20ed"
