# THIS IS AN AUTOGENERATED FILE. DO NOT EDIT THIS FILE DIRECTLY.
# yarn lockfile v1


canon@../canon:
  version "1.0.0"

canon@^0.4.1:
  version "0.4.1"
  resolved "https://registry.yarnpkg.com/canon/-/canon-0.4.1.tgz#defcb0af0d51dbe283d7031704e22891627b59c8"

paragon@../paragon:
  version "1.0.0"

pica@../pica:
  version "1.0.0"
  dependencies:
    canon "../canon"
    paragon "../paragon"
